{
  "name": "ui-library",
  "version": "1.0.0",
  "lockfileVersion": 2,
  "requires": true,
  "packages": {
    "": {
      "name": "ui-library",
      "version": "1.0.0",
      "license": "ISC",
      "dependencies": {
        "snabbdom": "^3.6.2"
      }
    },
    "node_modules/snabbdom": {
      "version": "3.6.2",
      "resolved": "https://registry.npmjs.org/snabbdom/-/snabbdom-3.6.2.tgz",
      "integrity": "sha512-ig5qOnCDbugFntKi6c7Xlib8bA6xiJVk8O+WdFrV3wxbMqeHO0hXFQC4nAhPVWfZfi8255lcZkNhtIBINCc4+Q==",
      "engines": {
        "node": ">=12.17.0"
      }
    }
  },
  "dependencies": {
    "snabbdom": {
      "version": "3.6.2",
      "resolved": "https://registry.npmjs.org/snabbdom/-/snabbdom-3.6.2.tgz",
      "integrity": "sha512-ig5qOnCDbugFntKi6c7Xlib8bA6xiJVk8O+WdFrV3wxbMqeHO0hXFQC4nAhPVWfZfi8255lcZkNhtIBINCc4+Q=="
    }
  }
}
